// !$*UTF8*$!
{
	archiveVersion = 1;
	classes = {
	};
	objectVersion = 77;
	objects = {

/* Begin PBXBuildFile section */
		F00F30252CEAC37E00EC1C29 /* FirebaseAuth in Frameworks */ = {isa = PBXBuildFile; productRef = F00F30242CEAC37E00EC1C29 /* FirebaseAuth */; };
		F00F30272CEAC37E00EC1C29 /* FirebaseAuthCombine-Community in Frameworks */ = {isa = PBXBuildFile; productRef = F00F30262CEAC37E00EC1C29 /* FirebaseAuthCombine-Community */; };
		F00F30292CEAC37E00EC1C29 /* FirebaseCore in Frameworks */ = {isa = PBXBuildFile; productRef = F00F30282CEAC37E00EC1C29 /* FirebaseCore */; };
		F00F302B2CEAC37E00EC1C29 /* FirebaseFirestore in Frameworks */ = {isa = PBXBuildFile; productRef = F00F302A2CEAC37E00EC1C29 /* FirebaseFirestore */; };
		F00F302D2CEAC37E00EC1C29 /* FirebaseFirestoreCombine-Community in Frameworks */ = {isa = PBXBuildFile; productRef = F00F302C2CEAC37E00EC1C29 /* FirebaseFirestoreCombine-Community */; };
/* End PBXBuildFile section */

/* Begin PBXContainerItemProxy section */
		F00C4EF72CEA8E8D00DF335A /* PBXContainerItemProxy */ = {
			isa = PBXContainerItemProxy;
			containerPortal = F00C4ED82CEA8E8C00DF335A /* Project object */;
			proxyType = 1;
			remoteGlobalIDString = F00C4EDF2CEA8E8C00DF335A;
			remoteInfo = lockbox;
		};
		F00C4F012CEA8E8D00DF335A /* PBXContainerItemProxy */ = {
			isa = PBXContainerItemProxy;
			containerPortal = F00C4ED82CEA8E8C00DF335A /* Project object */;
			proxyType = 1;
			remoteGlobalIDString = F00C4EDF2CEA8E8C00DF335A;
			remoteInfo = lockbox;
		};
/* End PBXContainerItemProxy section */

/* Begin PBXFileReference section */
		F00C4EE02CEA8E8C00DF335A /* lockbox.app */ = {isa = PBXFileReference; explicitFileType = wrapper.application; includeInIndex = 0; path = lockbox.app; sourceTree = BUILT_PRODUCTS_DIR; };
		F00C4EF62CEA8E8D00DF335A /* lockboxTests.xctest */ = {isa = PBXFileReference; explicitFileType = wrapper.cfbundle; includeInIndex = 0; path = lockboxTests.xctest; sourceTree = BUILT_PRODUCTS_DIR; };
		F00C4F002CEA8E8D00DF335A /* lockboxUITests.xctest */ = {isa = PBXFileReference; explicitFileType = wrapper.cfbundle; includeInIndex = 0; path = lockboxUITests.xctest; sourceTree = BUILT_PRODUCTS_DIR; };
/* End PBXFileReference section */

/* Begin PBXFileSystemSynchronizedBuildFileExceptionSet section */
		F00C4F082CEA8E8D00DF335A /* Exceptions for "lockbox" folder in "lockbox" target */ = {
			isa = PBXFileSystemSynchronizedBuildFileExceptionSet;
			membershipExceptions = (
				Info.plist,
			);
			target = F00C4EDF2CEA8E8C00DF335A /* lockbox */;
		};
/* End PBXFileSystemSynchronizedBuildFileExceptionSet section */

/* Begin PBXFileSystemSynchronizedRootGroup section */
		F00C4EE22CEA8E8C00DF335A /* lockbox */ = {
			isa = PBXFileSystemSynchronizedRootGroup;
			exceptions = (
				F00C4F082CEA8E8D00DF335A /* Exceptions for "lockbox" folder in "lockbox" target */,
			);
			path = lockbox;
			sourceTree = "<group>";
		};
		F00C4EF92CEA8E8D00DF335A /* lockboxTests */ = {
			isa = PBXFileSystemSynchronizedRootGroup;
			path = lockboxTests;
			sourceTree = "<group>";
		};
		F00C4F032CEA8E8D00DF335A /* lockboxUITests */ = {
			isa = PBXFileSystemSynchronizedRootGroup;
			path = lockboxUITests;
			sourceTree = "<group>";
		};
/* End PBXFileSystemSynchronizedRootGroup section */

/* Begin PBXFrameworksBuildPhase section */
		F00C4EDD2CEA8E8C00DF335A /* Frameworks */ = {
			isa = PBXFrameworksBuildPhase;
			buildActionMask = 2147483647;
			files = (
				F00F30252CEAC37E00EC1C29 /* FirebaseAuth in Frameworks */,
				F00F302B2CEAC37E00EC1C29 /* FirebaseFirestore in Frameworks */,
				F00F30292CEAC37E00EC1C29 /* FirebaseCore in Frameworks */,
				F00F302D2CEAC37E00EC1C29 /* FirebaseFirestoreCombine-Community in Frameworks */,
				F00F30272CEAC37E00EC1C29 /* FirebaseAuthCombine-Community in Frameworks */,
			);
			runOnlyForDeploymentPostprocessing = 0;
		};
		F00C4EF32CEA8E8D00DF335A /* Frameworks */ = {
			isa = PBXFrameworksBuildPhase;
			buildActionMask = 2147483647;
			files = (
			);
			runOnlyForDeploymentPostprocessing = 0;
		};
		F00C4EFD2CEA8E8D00DF335A /* Frameworks */ = {
			isa = PBXFrameworksBuildPhase;
			buildActionMask = 2147483647;
			files = (
			);
			runOnlyForDeploymentPostprocessing = 0;
		};
/* End PBXFrameworksBuildPhase section */

/* Begin PBXGroup section */
		F00C4ED72CEA8E8C00DF335A = {
			isa = PBXGroup;
			children = (
				F00C4EE22CEA8E8C00DF335A /* lockbox */,
				F00C4EF92CEA8E8D00DF335A /* lockboxTests */,
				F00C4F032CEA8E8D00DF335A /* lockboxUITests */,
				F00F30232CEAC37E00EC1C29 /* Frameworks */,
				F00C4EE12CEA8E8C00DF335A /* Products */,
			);
			sourceTree = "<group>";
		};
		F00C4EE12CEA8E8C00DF335A /* Products */ = {
			isa = PBXGroup;
			children = (
				F00C4EE02CEA8E8C00DF335A /* lockbox.app */,
				F00C4EF62CEA8E8D00DF335A /* lockboxTests.xctest */,
				F00C4F002CEA8E8D00DF335A /* lockboxUITests.xctest */,
			);
			name = Products;
			sourceTree = "<group>";
		};
		F00F30232CEAC37E00EC1C29 /* Frameworks */ = {
			isa = PBXGroup;
			children = (
			);
			name = Frameworks;
			sourceTree = "<group>";
		};
/* End PBXGroup section */

/* Begin PBXNativeTarget section */
		F00C4EDF2CEA8E8C00DF335A /* lockbox */ = {
			isa = PBXNativeTarget;
			buildConfigurationList = F00C4F092CEA8E8D00DF335A /* Build configuration list for PBXNativeTarget "lockbox" */;
			buildPhases = (
				F00C4EDC2CEA8E8C00DF335A /* Sources */,
				F00C4EDD2CEA8E8C00DF335A /* Frameworks */,
				F00C4EDE2CEA8E8C00DF335A /* Resources */,
			);
			buildRules = (
			);
			dependencies = (
			);
			fileSystemSynchronizedGroups = (
				F00C4EE22CEA8E8C00DF335A /* lockbox */,
			);
			name = lockbox;
			packageProductDependencies = (
				F00F30242CEAC37E00EC1C29 /* FirebaseAuth */,
				F00F30262CEAC37E00EC1C29 /* FirebaseAuthCombine-Community */,
				F00F30282CEAC37E00EC1C29 /* FirebaseCore */,
				F00F302A2CEAC37E00EC1C29 /* FirebaseFirestore */,
				F00F302C2CEAC37E00EC1C29 /* FirebaseFirestoreCombine-Community */,
			);
			productName = lockbox;
			productReference = F00C4EE02CEA8E8C00DF335A /* lockbox.app */;
			productType = "com.apple.product-type.application";
		};
		F00C4EF52CEA8E8D00DF335A /* lockboxTests */ = {
			isa = PBXNativeTarget;
			buildConfigurationList = F00C4F0E2CEA8E8D00DF335A /* Build configuration list for PBXNativeTarget "lockboxTests" */;
			buildPhases = (
				F00C4EF22CEA8E8D00DF335A /* Sources */,
				F00C4EF32CEA8E8D00DF335A /* Frameworks */,
				F00C4EF42CEA8E8D00DF335A /* Resources */,
			);
			buildRules = (
			);
			dependencies = (
				F00C4EF82CEA8E8D00DF335A /* PBXTargetDependency */,
			);
			fileSystemSynchronizedGroups = (
				F00C4EF92CEA8E8D00DF335A /* lockboxTests */,
			);
			name = lockboxTests;
			packageProductDependencies = (
			);
			productName = lockboxTests;
			productReference = F00C4EF62CEA8E8D00DF335A /* lockboxTests.xctest */;
			productType = "com.apple.product-type.bundle.unit-test";
		};
		F00C4EFF2CEA8E8D00DF335A /* lockboxUITests */ = {
			isa = PBXNativeTarget;
			buildConfigurationList = F00C4F112CEA8E8D00DF335A /* Build configuration list for PBXNativeTarget "lockboxUITests" */;
			buildPhases = (
				F00C4EFC2CEA8E8D00DF335A /* Sources */,
				F00C4EFD2CEA8E8D00DF335A /* Frameworks */,
				F00C4EFE2CEA8E8D00DF335A /* Resources */,
			);
			buildRules = (
			);
			dependencies = (
				F00C4F022CEA8E8D00DF335A /* PBXTargetDependency */,
			);
			fileSystemSynchronizedGroups = (
				F00C4F032CEA8E8D00DF335A /* lockboxUITests */,
			);
			name = lockboxUITests;
			packageProductDependencies = (
			);
			productName = lockboxUITests;
			productReference = F00C4F002CEA8E8D00DF335A /* lockboxUITests.xctest */;
			productType = "com.apple.product-type.bundle.ui-testing";
		};
/* End PBXNativeTarget section */

/* Begin PBXProject section */
		F00C4ED82CEA8E8C00DF335A /* Project object */ = {
			isa = PBXProject;
			attributes = {
				BuildIndependentTargetsInParallel = 1;
				LastSwiftUpdateCheck = 1600;
				LastUpgradeCheck = 1600;
				TargetAttributes = {
					F00C4EDF2CEA8E8C00DF335A = {
						CreatedOnToolsVersion = 16.0;
					};
					F00C4EF52CEA8E8D00DF335A = {
						CreatedOnToolsVersion = 16.0;
						TestTargetID = F00C4EDF2CEA8E8C00DF335A;
					};
					F00C4EFF2CEA8E8D00DF335A = {
						CreatedOnToolsVersion = 16.0;
						TestTargetID = F00C4EDF2CEA8E8C00DF335A;
					};
				};
			};
			buildConfigurationList = F00C4EDB2CEA8E8C00DF335A /* Build configuration list for PBXProject "lockbox" */;
			developmentRegion = en;
			hasScannedForEncodings = 0;
			knownRegions = (
				en,
				Base,
			);
			mainGroup = F00C4ED72CEA8E8C00DF335A;
			minimizedProjectReferenceProxies = 1;
			packageReferences = (
				F0F04BE12CEAC1EF00DC4040 /* XCRemoteSwiftPackageReference "firebase-ios-sdk" */,
			);
			preferredProjectObjectVersion = 77;
			productRefGroup = F00C4EE12CEA8E8C00DF335A /* Products */;
			projectDirPath = "";
			projectRoot = "";
			targets = (
				F00C4EDF2CEA8E8C00DF335A /* lockbox */,
				F00C4EF52CEA8E8D00DF335A /* lockboxTests */,
				F00C4EFF2CEA8E8D00DF335A /* lockboxUITests */,
			);
		};
/* End PBXProject section */

/* Begin PBXResourcesBuildPhase section */
		F00C4EDE2CEA8E8C00DF335A /* Resources */ = {
			isa = PBXResourcesBuildPhase;
			buildActionMask = 2147483647;
			files = (
			);
			runOnlyForDeploymentPostprocessing = 0;
		};
		F00C4EF42CEA8E8D00DF335A /* Resources */ = {
			isa = PBXResourcesBuildPhase;
			buildActionMask = 2147483647;
			files = (
			);
			runOnlyForDeploymentPostprocessing = 0;
		};
		F00C4EFE2CEA8E8D00DF335A /* Resources */ = {
			isa = PBXResourcesBuildPhase;
			buildActionMask = 2147483647;
			files = (
			);
			runOnlyForDeploymentPostprocessing = 0;
		};
/* End PBXResourcesBuildPhase section */

/* Begin PBXSourcesBuildPhase section */
		F00C4EDC2CEA8E8C00DF335A /* Sources */ = {
			isa = PBXSourcesBuildPhase;
			buildActionMask = 2147483647;
			files = (
			);
			runOnlyForDeploymentPostprocessing = 0;
		};
		F00C4EF22CEA8E8D00DF335A /* Sources */ = {
			isa = PBXSourcesBuildPhase;
			buildActionMask = 2147483647;
			files = (
			);
			runOnlyForDeploymentPostprocessing = 0;
		};
		F00C4EFC2CEA8E8D00DF335A /* Sources */ = {
			isa = PBXSourcesBuildPhase;
			buildActionMask = 2147483647;
			files = (
			);
			runOnlyForDeploymentPostprocessing = 0;
		};
/* End PBXSourcesBuildPhase section */

/* Begin PBXTargetDependency section */
		F00C4EF82CEA8E8D00DF335A /* PBXTargetDependency */ = {
			isa = PBXTargetDependency;
			target = F00C4EDF2CEA8E8C00DF335A /* lockbox */;
			targetProxy = F00C4EF72CEA8E8D00DF335A /* PBXContainerItemProxy */;
		};
		F00C4F022CEA8E8D00DF335A /* PBXTargetDependency */ = {
			isa = PBXTargetDependency;
			target = F00C4EDF2CEA8E8C00DF335A /* lockbox */;
			targetProxy = F00C4F012CEA8E8D00DF335A /* PBXContainerItemProxy */;
		};
/* End PBXTargetDependency section */

/* Begin XCBuildConfiguration section */
		F00C4F0A2CEA8E8D00DF335A /* Debug */ = {
			isa = XCBuildConfiguration;
			buildSettings = {
				ASSETCATALOG_COMPILER_APPICON_NAME = AppIcon;
				ASSETCATALOG_COMPILER_GLOBAL_ACCENT_COLOR_NAME = AccentColor;
				CODE_SIGN_STYLE = Automatic;
				CURRENT_PROJECT_VERSION = 1;
				GENERATE_INFOPLIST_FILE = YES;
				INFOPLIST_FILE = lockbox/Info.plist;
				INFOPLIST_KEY_UIApplicationSupportsIndirectInputEvents = YES;
				INFOPLIST_KEY_UILaunchStoryboardName = LaunchScreen;
				INFOPLIST_KEY_UIMainStoryboardFile = Main;
				INFOPLIST_KEY_UISupportedInterfaceOrientations_iPad = "UIInterfaceOrientationPortrait UIInterfaceOrientationPortraitUpsideDown UIInterfaceOrientationLandscapeLeft UIInterfaceOrientationLandscapeRight";
				INFOPLIST_KEY_UISupportedInterfaceOrientations_iPhone = "UIInterfaceOrientationPortrait UIInterfaceOrientationLandscapeLeft UIInterfaceOrientationLandscapeRight";
				LD_RUNPATH_SEARCH_PATHS = (
					"$(inherited)",
					"@executable_path/Frameworks",
				);
				MARKETING_VERSION = 1.0;
				PRODUCT_BUNDLE_IDENTIFIER = com.nuios.lockbox;
				PRODUCT_NAME = "$(TARGET_NAME)";
				SWIFT_EMIT_LOC_STRINGS = YES;
				SWIFT_VERSION = 5.0;
				TARGETED_DEVICE_FAMILY = "1,2";
			};
			name = Debug;
		};
		F00C4F0B2CEA8E8D00DF335A /* Release */ = {
			isa = XCBuildConfiguration;
			buildSettings = {
				ASSETCATALOG_COMPILER_APPICON_NAME = AppIcon;
				ASSETCATALOG_COMPILER_GLOBAL_ACCENT_COLOR_NAME = AccentColor;
				CODE_SIGN_STYLE = Automatic;
				CURRENT_PROJECT_VERSION = 1;
				GENERATE_INFOPLIST_FILE = YES;
				INFOPLIST_FILE = lockbox/Info.plist;
				INFOPLIST_KEY_UIApplicationSupportsIndirectInputEvents = YES;
				INFOPLIST_KEY_UILaunchStoryboardName = LaunchScreen;
				INFOPLIST_KEY_UIMainStoryboardFile = Main;
				INFOPLIST_KEY_UISupportedInterfaceOrientations_iPad = "UIInterfaceOrientationPortrait UIInterfaceOrientationPortraitUpsideDown UIInterfaceOrientationLandscapeLeft UIInterfaceOrientationLandscapeRight";
				INFOPLIST_KEY_UISupportedInterfaceOrientations_iPhone = "UIInterfaceOrientationPortrait UIInterfaceOrientationLandscapeLeft UIInterfaceOrientationLandscapeRight";
				LD_RUNPATH_SEARCH_PATHS = (
					"$(inherited)",
					"@executable_path/Frameworks",
				);
				MARKETING_VERSION = 1.0;
				PRODUCT_BUNDLE_IDENTIFIER = com.nuios.lockbox;
				PRODUCT_NAME = "$(TARGET_NAME)";
				SWIFT_EMIT_LOC_STRINGS = YES;
				SWIFT_VERSION = 5.0;
				TARGETED_DEVICE_FAMILY = "1,2";
			};
			name = Release;
		};
		F00C4F0C2CEA8E8D00DF335A /* Debug */ = {
			isa = XCBuildConfiguration;
			buildSettings = {
				ALWAYS_SEARCH_USER_PATHS = NO;
				ASSETCATALOG_COMPILER_GENERATE_SWIFT_ASSET_SYMBOL_EXTENSIONS = YES;
				CLANG_ANALYZER_NONNULL = YES;
				CLANG_ANALYZER_NUMBER_OBJECT_CONVERSION = YES_AGGRESSIVE;
				CLANG_CXX_LANGUAGE_STANDARD = "gnu++20";
				CLANG_ENABLE_MODULES = YES;
				CLANG_ENABLE_OBJC_ARC = YES;
				CLANG_ENABLE_OBJC_WEAK = YES;
				CLANG_WARN_BLOCK_CAPTURE_AUTORELEASING = YES;
				CLANG_WARN_BOOL_CONVERSION = YES;
				CLANG_WARN_COMMA = YES;
				CLANG_WARN_CONSTANT_CONVERSION = YES;
				CLANG_WARN_DEPRECATED_OBJC_IMPLEMENTATIONS = YES;
				CLANG_WARN_DIRECT_OBJC_ISA_USAGE = YES_ERROR;
				CLANG_WARN_DOCUMENTATION_COMMENTS = YES;
				CLANG_WARN_EMPTY_BODY = YES;
				CLANG_WARN_ENUM_CONVERSION = YES;
				CLANG_WARN_INFINITE_RECURSION = YES;
				CLANG_WARN_INT_CONVERSION = YES;
				CLANG_WARN_NON_LITERAL_NULL_CONVERSION = YES;
				CLANG_WARN_OBJC_IMPLICIT_RETAIN_SELF = YES;
				CLANG_WARN_OBJC_LITERAL_CONVERSION = YES;
				CLANG_WARN_OBJC_ROOT_CLASS = YES_ERROR;
				CLANG_WARN_QUOTED_INCLUDE_IN_FRAMEWORK_HEADER = YES;
				CLANG_WARN_RANGE_LOOP_ANALYSIS = YES;
				CLANG_WARN_STRICT_PROTOTYPES = YES;
				CLANG_WARN_SUSPICIOUS_MOVE = YES;
				CLANG_WARN_UNGUARDED_AVAILABILITY = YES_AGGRESSIVE;
				CLANG_WARN_UNREACHABLE_CODE = YES;
				CLANG_WARN__DUPLICATE_METHOD_MATCH = YES;
				COPY_PHASE_STRIP = NO;
				DEBUG_INFORMATION_FORMAT = dwarf;
				ENABLE_STRICT_OBJC_MSGSEND = YES;
				ENABLE_TESTABILITY = YES;
				ENABLE_USER_SCRIPT_SANDBOXING = YES;
				GCC_C_LANGUAGE_STANDARD = gnu17;
				GCC_DYNAMIC_NO_PIC = NO;
				GCC_NO_COMMON_BLOCKS = YES;
				GCC_OPTIMIZATION_LEVEL = 0;
				GCC_PREPROCESSOR_DEFINITIONS = (
					"DEBUG=1",
					"$(inherited)",
				);
				GCC_WARN_64_TO_32_BIT_CONVERSION = YES;
				GCC_WARN_ABOUT_RETURN_TYPE = YES_ERROR;
				GCC_WARN_UNDECLARED_SELECTOR = YES;
				GCC_WARN_UNINITIALIZED_AUTOS = YES_AGGRESSIVE;
				GCC_WARN_UNUSED_FUNCTION = YES;
				GCC_WARN_UNUSED_VARIABLE = YES;
				IPHONEOS_DEPLOYMENT_TARGET = 18.0;
				LOCALIZATION_PREFERS_STRING_CATALOGS = YES;
				MTL_ENABLE_DEBUG_INFO = INCLUDE_SOURCE;
				MTL_FAST_MATH = YES;
				ONLY_ACTIVE_ARCH = YES;
				SDKROOT = iphoneos;
				SWIFT_ACTIVE_COMPILATION_CONDITIONS = "DEBUG $(inherited)";
				SWIFT_OPTIMIZATION_LEVEL = "-Onone";
			};
			name = Debug;
		};
		F00C4F0D2CEA8E8D00DF335A /* Release */ = {
			isa = XCBuildConfiguration;
			buildSettings = {
				ALWAYS_SEARCH_USER_PATHS = NO;
				ASSETCATALOG_COMPILER_GENERATE_SWIFT_ASSET_SYMBOL_EXTENSIONS = YES;
				CLANG_ANALYZER_NONNULL = YES;
				CLANG_ANALYZER_NUMBER_OBJECT_CONVERSION = YES_AGGRESSIVE;
				CLANG_CXX_LANGUAGE_STANDARD = "gnu++20";
				CLANG_ENABLE_MODULES = YES;
				CLANG_ENABLE_OBJC_ARC = YES;
				CLANG_ENABLE_OBJC_WEAK = YES;
				CLANG_WARN_BLOCK_CAPTURE_AUTORELEASING = YES;
				CLANG_WARN_BOOL_CONVERSION = YES;
				CLANG_WARN_COMMA = YES;
				CLANG_WARN_CONSTANT_CONVERSION = YES;
				CLANG_WARN_DEPRECATED_OBJC_IMPLEMENTATIONS = YES;
				CLANG_WARN_DIRECT_OBJC_ISA_USAGE = YES_ERROR;
				CLANG_WARN_DOCUMENTATION_COMMENTS = YES;
				CLANG_WARN_EMPTY_BODY = YES;
				CLANG_WARN_ENUM_CONVERSION = YES;
				CLANG_WARN_INFINITE_RECURSION = YES;
				CLANG_WARN_INT_CONVERSION = YES;
				CLANG_WARN_NON_LITERAL_NULL_CONVERSION = YES;
				CLANG_WARN_OBJC_IMPLICIT_RETAIN_SELF = YES;
				CLANG_WARN_OBJC_LITERAL_CONVERSION = YES;
				CLANG_WARN_OBJC_ROOT_CLASS = YES_ERROR;
				CLANG_WARN_QUOTED_INCLUDE_IN_FRAMEWORK_HEADER = YES;
				CLANG_WARN_RANGE_LOOP_ANALYSIS = YES;
				CLANG_WARN_STRICT_PROTOTYPES = YES;
				CLANG_WARN_SUSPICIOUS_MOVE = YES;
				CLANG_WARN_UNGUARDED_AVAILABILITY = YES_AGGRESSIVE;
				CLANG_WARN_UNREACHABLE_CODE = YES;
				CLANG_WARN__DUPLICATE_METHOD_MATCH = YES;
				COPY_PHASE_STRIP = NO;
				DEBUG_INFORMATION_FORMAT = "dwarf-with-dsym";
				ENABLE_NS_ASSERTIONS = NO;
				ENABLE_STRICT_OBJC_MSGSEND = YES;
				ENABLE_USER_SCRIPT_SANDBOXING = YES;
				GCC_C_LANGUAGE_STANDARD = gnu17;
				GCC_NO_COMMON_BLOCKS = YES;
				GCC_WARN_64_TO_32_BIT_CONVERSION = YES;
				GCC_WARN_ABOUT_RETURN_TYPE = YES_ERROR;
				GCC_WARN_UNDECLARED_SELECTOR = YES;
				GCC_WARN_UNINITIALIZED_AUTOS = YES_AGGRESSIVE;
				GCC_WARN_UNUSED_FUNCTION = YES;
				GCC_WARN_UNUSED_VARIABLE = YES;
				IPHONEOS_DEPLOYMENT_TARGET = 18.0;
				LOCALIZATION_PREFERS_STRING_CATALOGS = YES;
				MTL_ENABLE_DEBUG_INFO = NO;
				MTL_FAST_MATH = YES;
				SDKROOT = iphoneos;
				SWIFT_COMPILATION_MODE = wholemodule;
				VALIDATE_PRODUCT = YES;
			};
			name = Release;
		};
		F00C4F0F2CEA8E8D00DF335A /* Debug */ = {
			isa = XCBuildConfiguration;
			buildSettings = {
				BUNDLE_LOADER = "$(TEST_HOST)";
				CODE_SIGN_STYLE = Automatic;
				CURRENT_PROJECT_VERSION = 1;
				GENERATE_INFOPLIST_FILE = YES;
				IPHONEOS_DEPLOYMENT_TARGET = 18.0;
				MARKETING_VERSION = 1.0;
				PRODUCT_BUNDLE_IDENTIFIER = com.nuios.lockboxTests;
				PRODUCT_NAME = "$(TARGET_NAME)";
				SWIFT_EMIT_LOC_STRINGS = NO;
				SWIFT_VERSION = 5.0;
				TARGETED_DEVICE_FAMILY = "1,2";
				TEST_HOST = "$(BUILT_PRODUCTS_DIR)/lockbox.app/$(BUNDLE_EXECUTABLE_FOLDER_PATH)/lockbox";
			};
			name = Debug;
		};
		F00C4F102CEA8E8D00DF335A /* Release */ = {
			isa = XCBuildConfiguration;
			buildSettings = {
				BUNDLE_LOADER = "$(TEST_HOST)";
				CODE_SIGN_STYLE = Automatic;
				CURRENT_PROJECT_VERSION = 1;
				GENERATE_INFOPLIST_FILE = YES;
				IPHONEOS_DEPLOYMENT_TARGET = 18.0;
				MARKETING_VERSION = 1.0;
				PRODUCT_BUNDLE_IDENTIFIER = com.nuios.lockboxTests;
				PRODUCT_NAME = "$(TARGET_NAME)";
				SWIFT_EMIT_LOC_STRINGS = NO;
				SWIFT_VERSION = 5.0;
				TARGETED_DEVICE_FAMILY = "1,2";
				TEST_HOST = "$(BUILT_PRODUCTS_DIR)/lockbox.app/$(BUNDLE_EXECUTABLE_FOLDER_PATH)/lockbox";
			};
			name = Release;
		};
		F00C4F122CEA8E8D00DF335A /* Debug */ = {
			isa = XCBuildConfiguration;
			buildSettings = {
				CODE_SIGN_STYLE = Automatic;
				CURRENT_PROJECT_VERSION = 1;
				GENERATE_INFOPLIST_FILE = YES;
				MARKETING_VERSION = 1.0;
				PRODUCT_BUNDLE_IDENTIFIER = com.nuios.lockboxUITests;
				PRODUCT_NAME = "$(TARGET_NAME)";
				SWIFT_EMIT_LOC_STRINGS = NO;
				SWIFT_VERSION = 5.0;
				TARGETED_DEVICE_FAMILY = "1,2";
				TEST_TARGET_NAME = lockbox;
			};
			name = Debug;
		};
		F00C4F132CEA8E8D00DF335A /* Release */ = {
			isa = XCBuildConfiguration;
			buildSettings = {
				CODE_SIGN_STYLE = Automatic;
				CURRENT_PROJECT_VERSION = 1;
				GENERATE_INFOPLIST_FILE = YES;
				MARKETING_VERSION = 1.0;
				PRODUCT_BUNDLE_IDENTIFIER = com.nuios.lockboxUITests;
				PRODUCT_NAME = "$(TARGET_NAME)";
				SWIFT_EMIT_LOC_STRINGS = NO;
				SWIFT_VERSION = 5.0;
				TARGETED_DEVICE_FAMILY = "1,2";
				TEST_TARGET_NAME = lockbox;
			};
			name = Release;
		};
/* End XCBuildConfiguration section */

/* Begin XCConfigurationList section */
		F00C4EDB2CEA8E8C00DF335A /* Build configuration list for PBXProject "lockbox" */ = {
			isa = XCConfigurationList;
			buildConfigurations = (
				F00C4F0C2CEA8E8D00DF335A /* Debug */,
				F00C4F0D2CEA8E8D00DF335A /* Release */,
			);
			defaultConfigurationIsVisible = 0;
			defaultConfigurationName = Release;
		};
		F00C4F092CEA8E8D00DF335A /* Build configuration list for PBXNativeTarget "lockbox" */ = {
			isa = XCConfigurationList;
			buildConfigurations = (
				F00C4F0A2CEA8E8D00DF335A /* Debug */,
				F00C4F0B2CEA8E8D00DF335A /* Release */,
			);
			defaultConfigurationIsVisible = 0;
			defaultConfigurationName = Release;
		};
		F00C4F0E2CEA8E8D00DF335A /* Build configuration list for PBXNativeTarget "lockboxTests" */ = {
			isa = XCConfigurationList;
			buildConfigurations = (
				F00C4F0F2CEA8E8D00DF335A /* Debug */,
				F00C4F102CEA8E8D00DF335A /* Release */,
			);
			defaultConfigurationIsVisible = 0;
			defaultConfigurationName = Release;
		};
		F00C4F112CEA8E8D00DF335A /* Build configuration list for PBXNativeTarget "lockboxUITests" */ = {
			isa = XCConfigurationList;
			buildConfigurations = (
				F00C4F122CEA8E8D00DF335A /* Debug */,
				F00C4F132CEA8E8D00DF335A /* Release */,
			);
			defaultConfigurationIsVisible = 0;
			defaultConfigurationName = Release;
		};
/* End XCConfigurationList section */

/* Begin XCRemoteSwiftPackageReference section */
		F0F04BE12CEAC1EF00DC4040 /* XCRemoteSwiftPackageReference "firebase-ios-sdk" */ = {
			isa = XCRemoteSwiftPackageReference;
			repositoryURL = "https://github.com/firebase/firebase-ios-sdk";
			requirement = {
				kind = upToNextMajorVersion;
				minimumVersion = 11.5.0;
			};
		};
/* End XCRemoteSwiftPackageReference section */

/* Begin XCSwiftPackageProductDependency section */
		F00F30242CEAC37E00EC1C29 /* FirebaseAuth */ = {
			isa = XCSwiftPackageProductDependency;
			package = F0F04BE12CEAC1EF00DC4040 /* XCRemoteSwiftPackageReference "firebase-ios-sdk" */;
			productName = FirebaseAuth;
		};
		F00F30262CEAC37E00EC1C29 /* FirebaseAuthCombine-Community */ = {
			isa = XCSwiftPackageProductDependency;
			package = F0F04BE12CEAC1EF00DC4040 /* XCRemoteSwiftPackageReference "firebase-ios-sdk" */;
			productName = "FirebaseAuthCombine-Community";
		};
		F00F30282CEAC37E00EC1C29 /* FirebaseCore */ = {
			isa = XCSwiftPackageProductDependency;
			package = F0F04BE12CEAC1EF00DC4040 /* XCRemoteSwiftPackageReference "firebase-ios-sdk" */;
			productName = FirebaseCore;
		};
		F00F302A2CEAC37E00EC1C29 /* FirebaseFirestore */ = {
			isa = XCSwiftPackageProductDependency;
			package = F0F04BE12CEAC1EF00DC4040 /* XCRemoteSwiftPackageReference "firebase-ios-sdk" */;
			productName = FirebaseFirestore;
		};
		F00F302C2CEAC37E00EC1C29 /* FirebaseFirestoreCombine-Community */ = {
			isa = XCSwiftPackageProductDependency;
			package = F0F04BE12CEAC1EF00DC4040 /* XCRemoteSwiftPackageReference "firebase-ios-sdk" */;
			productName = "FirebaseFirestoreCombine-Community";
		};
/* End XCSwiftPackageProductDependency section */
	};
	rootObject = F00C4ED82CEA8E8C00DF335A /* Project object */;
}
